// !$*UTF8*$!
{
	archiveVersion = 1;
	classes = {
	};
	objectVersion = 48;
	objects = {

/* Begin PBXBuildFile section */
		279BB0C9202A2F3600E60170 /* AppDelegate.swift in Sources */ = {isa = PBXBuildFile; fileRef = 279BB0C8202A2F3600E60170 /* AppDelegate.swift */; };
		279BB0CB202A2F3600E60170 /* ViewController.swift in Sources */ = {isa = PBXBuildFile; fileRef = 279BB0CA202A2F3600E60170 /* ViewController.swift */; };
		279BB0CE202A2F3600E60170 /* Main.storyboard in Resources */ = {isa = PBXBuildFile; fileRef = 279BB0CC202A2F3600E60170 /* Main.storyboard */; };
		279BB0D0202A2F3600E60170 /* Assets.xcassets in Resources */ = {isa = PBXBuildFile; fileRef = 279BB0CF202A2F3600E60170 /* Assets.xcassets */; };
		279BB0D3202A2F3600E60170 /* LaunchScreen.storyboard in Resources */ = {isa = PBXBuildFile; fileRef = 279BB0D1202A2F3600E60170 /* LaunchScreen.storyboard */; };
		FDDD15EB3676A3105132A79F /* Pods_KeyboardTest.framework in Frameworks */ = {isa = PBXBuildFile; fileRef = E06D940BA6B62F8F4610A592 /* Pods_KeyboardTest.framework */; };
/* End PBXBuildFile section */

/* Begin PBXFileReference section */
		279BB0C5202A2F3600E60170 /* KeyboardTest.app */ = {isa = PBXFileReference; explicitFileType = wrapper.application; includeInIndex = 0; path = KeyboardTest.app; sourceTree = BUILT_PRODUCTS_DIR; };
		279BB0C8202A2F3600E60170 /* AppDelegate.swift */ = {isa = PBXFileReference; lastKnownFileType = sourcecode.swift; path = AppDelegate.swift; sourceTree = "<group>"; };
		279BB0CA202A2F3600E60170 /* ViewController.swift */ = {isa = PBXFileReference; lastKnownFileType = sourcecode.swift; path = ViewController.swift; sourceTree = "<group>"; };
		279BB0CD202A2F3600E60170 /* Base */ = {isa = PBXFileReference; lastKnownFileType = file.storyboard; name = Base; path = Base.lproj/Main.storyboard; sourceTree = "<group>"; };
		279BB0CF202A2F3600E60170 /* Assets.xcassets */ = {isa = PBXFileReference; lastKnownFileType = folder.assetcatalog; path = Assets.xcassets; sourceTree = "<group>"; };
		279BB0D2202A2F3600E60170 /* Base */ = {isa = PBXFileReference; lastKnownFileType = file.storyboard; name = Base; path = Base.lproj/LaunchScreen.storyboard; sourceTree = "<group>"; };
		279BB0D4202A2F3600E60170 /* Info.plist */ = {isa = PBXFileReference; lastKnownFileType = text.plist.xml; path = Info.plist; sourceTree = "<group>"; };
		E06D940BA6B62F8F4610A592 /* Pods_KeyboardTest.framework */ = {isa = PBXFileReference; explicitFileType = wrapper.framework; includeInIndex = 0; path = Pods_KeyboardTest.framework; sourceTree = BUILT_PRODUCTS_DIR; };
		E595557EFD6D0A3873179F4C /* Pods-KeyboardTest.release.xcconfig */ = {isa = PBXFileReference; includeInIndex = 1; lastKnownFileType = text.xcconfig; name = "Pods-KeyboardTest.release.xcconfig"; path = "Pods/Target Support Files/Pods-KeyboardTest/Pods-KeyboardTest.release.xcconfig"; sourceTree = "<group>"; };
		FCC40796F365BC90C8D9EE08 /* Pods-KeyboardTest.debug.xcconfig */ = {isa = PBXFileReference; includeInIndex = 1; lastKnownFileType = text.xcconfig; name = "Pods-KeyboardTest.debug.xcconfig"; path = "Pods/Target Support Files/Pods-KeyboardTest/Pods-KeyboardTest.debug.xcconfig"; sourceTree = "<group>"; };
/* End PBXFileReference section */

/* Begin PBXFrameworksBuildPhase section */
		279BB0C2202A2F3600E60170 /* Frameworks */ = {
			isa = PBXFrameworksBuildPhase;
			buildActionMask = 2147483647;
			files = (
				FDDD15EB3676A3105132A79F /* Pods_KeyboardTest.framework in Frameworks */,
			);
			runOnlyForDeploymentPostprocessing = 0;
		};
/* End PBXFrameworksBuildPhase section */

/* Begin PBXGroup section */
		279BB0BC202A2F3600E60170 = {
			isa = PBXGroup;
			children = (
				279BB0C7202A2F3600E60170 /* KeyboardTest */,
				279BB0C6202A2F3600E60170 /* Products */,
				5FB588F7410EF5A211502265 /* Pods */,
				3046347D3FBCE335EE09B9B8 /* Frameworks */,
			);
			sourceTree = "<group>";
		};
		279BB0C6202A2F3600E60170 /* Products */ = {
			isa = PBXGroup;
			children = (
				279BB0C5202A2F3600E60170 /* KeyboardTest.app */,
			);
			name = Products;
			sourceTree = "<group>";
		};
		279BB0C7202A2F3600E60170 /* KeyboardTest */ = {
			isa = PBXGroup;
			children = (
				279BB0C8202A2F3600E60170 /* AppDelegate.swift */,
				279BB0CA202A2F3600E60170 /* ViewController.swift */,
				279BB0CC202A2F3600E60170 /* Main.storyboard */,
				279BB0CF202A2F3600E60170 /* Assets.xcassets */,
				279BB0D1202A2F3600E60170 /* LaunchScreen.storyboard */,
				279BB0D4202A2F3600E60170 /* Info.plist */,
			);
			path = KeyboardTest;
			sourceTree = "<group>";
		};
		3046347D3FBCE335EE09B9B8 /* Frameworks */ = {
			isa = PBXGroup;
			children = (
				E06D940BA6B62F8F4610A592 /* Pods_KeyboardTest.framework */,
			);
			name = Frameworks;
			sourceTree = "<group>";
		};
		5FB588F7410EF5A211502265 /* Pods */ = {
			isa = PBXGroup;
			children = (
				FCC40796F365BC90C8D9EE08 /* Pods-KeyboardTest.debug.xcconfig */,
				E595557EFD6D0A3873179F4C /* Pods-KeyboardTest.release.xcconfig */,
			);
			name = Pods;
			sourceTree = "<group>";
		};
/* End PBXGroup section */

/* Begin PBXNativeTarget section */
		279BB0C4202A2F3600E60170 /* KeyboardTest */ = {
			isa = PBXNativeTarget;
			buildConfigurationList = 279BB0D7202A2F3600E60170 /* Build configuration list for PBXNativeTarget "KeyboardTest" */;
			buildPhases = (
				B1EE3C02EA3385FD4A444480 /* [CP] Check Pods Manifest.lock */,
				279BB0C1202A2F3600E60170 /* Sources */,
				279BB0C2202A2F3600E60170 /* Frameworks */,
				279BB0C3202A2F3600E60170 /* Resources */,
				E416F63BAC4A9F1C706EB40B /* [CP] Embed Pods Frameworks */,
				7811B1E001031318B5F0F293 /* [CP] Copy Pods Resources */,
			);
			buildRules = (
			);
			dependencies = (
			);
			name = KeyboardTest;
			productName = KeyboardTest;
			productReference = 279BB0C5202A2F3600E60170 /* KeyboardTest.app */;
			productType = "com.apple.product-type.application";
		};
/* End PBXNativeTarget section */

/* Begin PBXProject section */
		279BB0BD202A2F3600E60170 /* Project object */ = {
			isa = PBXProject;
			attributes = {
				LastSwiftUpdateCheck = 0920;
				LastUpgradeCheck = 0920;
				ORGANIZATIONNAME = "Tan Do ";
				TargetAttributes = {
					279BB0C4202A2F3600E60170 = {
						CreatedOnToolsVersion = 9.2;
						ProvisioningStyle = Automatic;
					};
				};
			};
			buildConfigurationList = 279BB0C0202A2F3600E60170 /* Build configuration list for PBXProject "KeyboardTest" */;
			compatibilityVersion = "Xcode 8.0";
			developmentRegion = en;
			hasScannedForEncodings = 0;
			knownRegions = (
				en,
				Base,
			);
			mainGroup = 279BB0BC202A2F3600E60170;
			productRefGroup = 279BB0C6202A2F3600E60170 /* Products */;
			projectDirPath = "";
			projectRoot = "";
			targets = (
				279BB0C4202A2F3600E60170 /* KeyboardTest */,
			);
		};
/* End PBXProject section */

/* Begin PBXResourcesBuildPhase section */
		279BB0C3202A2F3600E60170 /* Resources */ = {
			isa = PBXResourcesBuildPhase;
			buildActionMask = 2147483647;
			files = (
				279BB0D3202A2F3600E60170 /* LaunchScreen.storyboard in Resources */,
				279BB0D0202A2F3600E60170 /* Assets.xcassets in Resources */,
				279BB0CE202A2F3600E60170 /* Main.storyboard in Resources */,
			);
			runOnlyForDeploymentPostprocessing = 0;
		};
/* End PBXResourcesBuildPhase section */

/* Begin PBXShellScriptBuildPhase section */
		7811B1E001031318B5F0F293 /* [CP] Copy Pods Resources */ = {
			isa = PBXShellScriptBuildPhase;
			buildActionMask = 2147483647;
			files = (
			);
			inputPaths = (
			);
			name = "[CP] Copy Pods Resources";
			outputPaths = (
			);
			runOnlyForDeploymentPostprocessing = 0;
			shellPath = /bin/sh;
			shellScript = "\"${SRCROOT}/Pods/Target Support Files/Pods-KeyboardTest/Pods-KeyboardTest-resources.sh\"\n";
			showEnvVarsInLog = 0;
		};
		B1EE3C02EA3385FD4A444480 /* [CP] Check Pods Manifest.lock */ = {
			isa = PBXShellScriptBuildPhase;
			buildActionMask = 2147483647;
			files = (
			);
			inputPaths = (
				"${PODS_PODFILE_DIR_PATH}/Podfile.lock",
				"${PODS_ROOT}/Manifest.lock",
			);
			name = "[CP] Check Pods Manifest.lock";
			outputPaths = (
				"$(DERIVED_FILE_DIR)/Pods-KeyboardTest-checkManifestLockResult.txt",
			);
			runOnlyForDeploymentPostprocessing = 0;
			shellPath = /bin/sh;
			shellScript = "diff \"${PODS_PODFILE_DIR_PATH}/Podfile.lock\" \"${PODS_ROOT}/Manifest.lock\" > /dev/null\nif [ $? != 0 ] ; then\n    # print error to STDERR\n    echo \"error: The sandbox is not in sync with the Podfile.lock. Run 'pod install' or update your CocoaPods installation.\" >&2\n    exit 1\nfi\n# This output is used by Xcode 'outputs' to avoid re-running this script phase.\necho \"SUCCESS\" > \"${SCRIPT_OUTPUT_FILE_0}\"\n";
			showEnvVarsInLog = 0;
		};
		E416F63BAC4A9F1C706EB40B /* [CP] Embed Pods Frameworks */ = {
			isa = PBXShellScriptBuildPhase;
			buildActionMask = 2147483647;
			files = (
			);
			inputPaths = (
				"${SRCROOT}/Pods/Target Support Files/Pods-KeyboardTest/Pods-KeyboardTest-frameworks.sh",
				"${BUILT_PRODUCTS_DIR}/IQKeyboardManagerSwift/IQKeyboardManagerSwift.framework",
			);
			name = "[CP] Embed Pods Frameworks";
			outputPaths = (
				"${TARGET_BUILD_DIR}/${FRAMEWORKS_FOLDER_PATH}/IQKeyboardManagerSwift.framework",
			);
			runOnlyForDeploymentPostprocessing = 0;
			shellPath = /bin/sh;
			shellScript = "\"${SRCROOT}/Pods/Target Support Files/Pods-KeyboardTest/Pods-KeyboardTest-frameworks.sh\"\n";
			showEnvVarsInLog = 0;
		};
/* End PBXShellScriptBuildPhase section */

/* Begin PBXSourcesBuildPhase section */
		279BB0C1202A2F3600E60170 /* Sources */ = {
			isa = PBXSourcesBuildPhase;
			buildActionMask = 2147483647;
			files = (
				279BB0CB202A2F3600E60170 /* ViewController.swift in Sources */,
				279BB0C9202A2F3600E60170 /* AppDelegate.swift in Sources */,
			);
			runOnlyForDeploymentPostprocessing = 0;
		};
/* End PBXSourcesBuildPhase section */

/* Begin PBXVariantGroup section */
		279BB0CC202A2F3600E60170 /* Main.storyboard */ = {
			isa = PBXVariantGroup;
			children = (
				279BB0CD202A2F3600E60170 /* Base */,
			);
			name = Main.storyboard;
			sourceTree = "<group>";
		};
		279BB0D1202A2F3600E60170 /* LaunchScreen.storyboard */ = {
			isa = PBXVariantGroup;
			children = (
				279BB0D2202A2F3600E60170 /* Base */,
			);
			name = LaunchScreen.storyboard;
			sourceTree = "<group>";
		};
/* End PBXVariantGroup section */

/* Begin XCBuildConfiguration section */
		279BB0D5202A2F3600E60170 /* Debug */ = {
			isa = XCBuildConfiguration;
			buildSettings = {
				ALWAYS_SEARCH_USER_PATHS = NO;
				CLANG_ANALYZER_NONNULL = YES;
				CLANG_ANALYZER_NUMBER_OBJECT_CONVERSION = YES_AGGRESSIVE;
				CLANG_CXX_LANGUAGE_STANDARD = "gnu++14";
				CLANG_CXX_LIBRARY = "libc++";
				CLANG_ENABLE_MODULES = YES;
				CLANG_ENABLE_OBJC_ARC = YES;
				CLANG_WARN_BLOCK_CAPTURE_AUTORELEASING = YES;
				CLANG_WARN_BOOL_CONVERSION = YES;
				CLANG_WARN_COMMA = YES;
				CLANG_WARN_CONSTANT_CONVERSION = YES;
				CLANG_WARN_DIRECT_OBJC_ISA_USAGE = YES_ERROR;
				CLANG_WARN_DOCUMENTATION_COMMENTS = YES;
				CLANG_WARN_EMPTY_BODY = YES;
				CLANG_WARN_ENUM_CONVERSION = YES;
				CLANG_WARN_INFINITE_RECURSION = YES;
				CLANG_WARN_INT_CONVERSION = YES;
				CLANG_WARN_NON_LITERAL_NULL_CONVERSION = YES;
				CLANG_WARN_OBJC_LITERAL_CONVERSION = YES;
				CLANG_WARN_OBJC_ROOT_CLASS = YES_ERROR;
				CLANG_WARN_RANGE_LOOP_ANALYSIS = YES;
				CLANG_WARN_STRICT_PROTOTYPES = YES;
				CLANG_WARN_SUSPICIOUS_MOVE = YES;
				CLANG_WARN_UNGUARDED_AVAILABILITY = YES_AGGRESSIVE;
				CLANG_WARN_UNREACHABLE_CODE = YES;
				CLANG_WARN__DUPLICATE_METHOD_MATCH = YES;
				CODE_SIGN_IDENTITY = "iPhone Developer";
				COPY_PHASE_STRIP = NO;
				DEBUG_INFORMATION_FORMAT = dwarf;
				ENABLE_STRICT_OBJC_MSGSEND = YES;
				ENABLE_TESTABILITY = YES;
				GCC_C_LANGUAGE_STANDARD = gnu11;
				GCC_DYNAMIC_NO_PIC = NO;
				GCC_NO_COMMON_BLOCKS = YES;
				GCC_OPTIMIZATION_LEVEL = 0;
				GCC_PREPROCESSOR_DEFINITIONS = (
					"DEBUG=1",
					"$(inherited)",
				);
				GCC_WARN_64_TO_32_BIT_CONVERSION = YES;
				GCC_WARN_ABOUT_RETURN_TYPE = YES_ERROR;
				GCC_WARN_UNDECLARED_SELECTOR = YES;
				GCC_WARN_UNINITIALIZED_AUTOS = YES_AGGRESSIVE;
				GCC_WARN_UNUSED_FUNCTION = YES;
				GCC_WARN_UNUSED_VARIABLE = YES;
				IPHONEOS_DEPLOYMENT_TARGET = 11.2;
				MTL_ENABLE_DEBUG_INFO = YES;
				ONLY_ACTIVE_ARCH = YES;
				SDKROOT = iphoneos;
				SWIFT_ACTIVE_COMPILATION_CONDITIONS = DEBUG;
				SWIFT_OPTIMIZATION_LEVEL = "-Onone";
			};
			name = Debug;
		};
		279BB0D6202A2F3600E60170 /* Release */ = {
			isa = XCBuildConfiguration;
			buildSettings = {
				ALWAYS_SEARCH_USER_PATHS = NO;
				CLANG_ANALYZER_NONNULL = YES;
				CLANG_ANALYZER_NUMBER_OBJECT_CONVERSION = YES_AGGRESSIVE;
				CLANG_CXX_LANGUAGE_STANDARD = "gnu++14";
				CLANG_CXX_LIBRARY = "libc++";
				CLANG_ENABLE_MODULES = YES;
				CLANG_ENABLE_OBJC_ARC = YES;
				CLANG_WARN_BLOCK_CAPTURE_AUTORELEASING = YES;
				CLANG_WARN_BOOL_CONVERSION = YES;
				CLANG_WARN_COMMA = YES;
				CLANG_WARN_CONSTANT_CONVERSION = YES;
				CLANG_WARN_DIRECT_OBJC_ISA_USAGE = YES_ERROR;
				CLANG_WARN_DOCUMENTATION_COMMENTS = YES;
				CLANG_WARN_EMPTY_BODY = YES;
				CLANG_WARN_ENUM_CONVERSION = YES;
				CLANG_WARN_INFINITE_RECURSION = YES;
				CLANG_WARN_INT_CONVERSION = YES;
				CLANG_WARN_NON_LITERAL_NULL_CONVERSION = YES;
				CLANG_WARN_OBJC_LITERAL_CONVERSION = YES;
				CLANG_WARN_OBJC_ROOT_CLASS = YES_ERROR;
				CLANG_WARN_RANGE_LOOP_ANALYSIS = YES;
				CLANG_WARN_STRICT_PROTOTYPES = YES;
				CLANG_WARN_SUSPICIOUS_MOVE = YES;
				CLANG_WARN_UNGUARDED_AVAILABILITY = YES_AGGRESSIVE;
				CLANG_WARN_UNREACHABLE_CODE = YES;
				CLANG_WARN__DUPLICATE_METHOD_MATCH = YES;
				CODE_SIGN_IDENTITY = "iPhone Developer";
				COPY_PHASE_STRIP = NO;
				DEBUG_INFORMATION_FORMAT = "dwarf-with-dsym";
				ENABLE_NS_ASSERTIONS = NO;
				ENABLE_STRICT_OBJC_MSGSEND = YES;
				GCC_C_LANGUAGE_STANDARD = gnu11;
				GCC_NO_COMMON_BLOCKS = YES;
				GCC_WARN_64_TO_32_BIT_CONVERSION = YES;
				GCC_WARN_ABOUT_RETURN_TYPE = YES_ERROR;
				GCC_WARN_UNDECLARED_SELECTOR = YES;
				GCC_WARN_UNINITIALIZED_AUTOS = YES_AGGRESSIVE;
				GCC_WARN_UNUSED_FUNCTION = YES;
				GCC_WARN_UNUSED_VARIABLE = YES;
				IPHONEOS_DEPLOYMENT_TARGET = 11.2;
				MTL_ENABLE_DEBUG_INFO = NO;
				SDKROOT = iphoneos;
				SWIFT_OPTIMIZATION_LEVEL = "-Owholemodule";
				VALIDATE_PRODUCT = YES;
			};
			name = Release;
		};
		279BB0D8202A2F3600E60170 /* Debug */ = {
			isa = XCBuildConfiguration;
			baseConfigurationReference = FCC40796F365BC90C8D9EE08 /* Pods-KeyboardTest.debug.xcconfig */;
			buildSettings = {
				ASSETCATALOG_COMPILER_APPICON_NAME = AppIcon;
				CODE_SIGN_STYLE = Automatic;
				DEVELOPMENT_TEAM = EPPQ37FGYE;
				INFOPLIST_FILE = KeyboardTest/Info.plist;
				LD_RUNPATH_SEARCH_PATHS = "$(inherited) @executable_path/Frameworks";
				PRODUCT_BUNDLE_IDENTIFIER = com.tando.KeyboardTest;
				PRODUCT_NAME = "$(TARGET_NAME)";
				SWIFT_VERSION = 4.0;
				TARGETED_DEVICE_FAMILY = "1,2";
			};
			name = Debug;
		};
		279BB0D9202A2F3600E60170 /* Release */ = {
			isa = XCBuildConfiguration;
			baseConfigurationReference = E595557EFD6D0A3873179F4C /* Pods-KeyboardTest.release.xcconfig */;
			buildSettings = {
				ASSETCATALOG_COMPILER_APPICON_NAME = AppIcon;
				CODE_SIGN_STYLE = Automatic;
				DEVELOPMENT_TEAM = EPPQ37FGYE;
				INFOPLIST_FILE = KeyboardTest/Info.plist;
				LD_RUNPATH_SEARCH_PATHS = "$(inherited) @executable_path/Frameworks";
				PRODUCT_BUNDLE_IDENTIFIER = com.tando.KeyboardTest;
				PRODUCT_NAME = "$(TARGET_NAME)";
				SWIFT_VERSION = 4.0;
				TARGETED_DEVICE_FAMILY = "1,2";
			};
			name = Release;
		};
/* End XCBuildConfiguration section */

/* Begin XCConfigurationList section */
		279BB0C0202A2F3600E60170 /* Build configuration list for PBXProject "KeyboardTest" */ = {
			isa = XCConfigurationList;
			buildConfigurations = (
				279BB0D5202A2F3600E60170 /* Debug */,
				279BB0D6202A2F3600E60170 /* Release */,
			);
			defaultConfigurationIsVisible = 0;
			defaultConfigurationName = Release;
		};
		279BB0D7202A2F3600E60170 /* Build configuration list for PBXNativeTarget "KeyboardTest" */ = {
			isa = XCConfigurationList;
			buildConfigurations = (
				279BB0D8202A2F3600E60170 /* Debug */,
				279BB0D9202A2F3600E60170 /* Release */,
			);
			defaultConfigurationIsVisible = 0;
			defaultConfigurationName = Release;
		};
/* End XCConfigurationList section */
	};
	rootObject = 279BB0BD202A2F3600E60170 /* Project object */;
}
