// !$*UTF8*$!
{
	archiveVersion = 1;
	classes = {
	};
	objectVersion = 48;
	objects = {

/* Begin PBXBuildFile section */
		27ACF2762025416A00770DAC /* AppDelegate.swift in Sources */ = {isa = PBXBuildFile; fileRef = 27ACF2752025416A00770DAC /* AppDelegate.swift */; };
		27ACF27B2025416A00770DAC /* Main.storyboard in Resources */ = {isa = PBXBuildFile; fileRef = 27ACF2792025416A00770DAC /* Main.storyboard */; };
		27ACF27D2025416A00770DAC /* Assets.xcassets in Resources */ = {isa = PBXBuildFile; fileRef = 27ACF27C2025416A00770DAC /* Assets.xcassets */; };
		27ACF2802025416A00770DAC /* LaunchScreen.storyboard in Resources */ = {isa = PBXBuildFile; fileRef = 27ACF27E2025416A00770DAC /* LaunchScreen.storyboard */; };
		27ACF2882025425200770DAC /* CustomTableViewViewController.swift in Sources */ = {isa = PBXBuildFile; fileRef = 27ACF2872025425200770DAC /* CustomTableViewViewController.swift */; };
		27ACF28A2025484B00770DAC /* DataCell.swift in Sources */ = {isa = PBXBuildFile; fileRef = 27ACF2892025484B00770DAC /* DataCell.swift */; };
		27ACF28C20254A1100770DAC /* Data.swift in Sources */ = {isa = PBXBuildFile; fileRef = 27ACF28B20254A1000770DAC /* Data.swift */; };
/* End PBXBuildFile section */

/* Begin PBXFileReference section */
		27ACF2722025416A00770DAC /* CustomTBV.app */ = {isa = PBXFileReference; explicitFileType = wrapper.application; includeInIndex = 0; path = CustomTBV.app; sourceTree = BUILT_PRODUCTS_DIR; };
		27ACF2752025416A00770DAC /* AppDelegate.swift */ = {isa = PBXFileReference; lastKnownFileType = sourcecode.swift; path = AppDelegate.swift; sourceTree = "<group>"; };
		27ACF27A2025416A00770DAC /* Base */ = {isa = PBXFileReference; lastKnownFileType = file.storyboard; name = Base; path = Base.lproj/Main.storyboard; sourceTree = "<group>"; };
		27ACF27C2025416A00770DAC /* Assets.xcassets */ = {isa = PBXFileReference; lastKnownFileType = folder.assetcatalog; path = Assets.xcassets; sourceTree = "<group>"; };
		27ACF27F2025416A00770DAC /* Base */ = {isa = PBXFileReference; lastKnownFileType = file.storyboard; name = Base; path = Base.lproj/LaunchScreen.storyboard; sourceTree = "<group>"; };
		27ACF2812025416A00770DAC /* Info.plist */ = {isa = PBXFileReference; lastKnownFileType = text.plist.xml; path = Info.plist; sourceTree = "<group>"; };
		27ACF2872025425200770DAC /* CustomTableViewViewController.swift */ = {isa = PBXFileReference; lastKnownFileType = sourcecode.swift; path = CustomTableViewViewController.swift; sourceTree = "<group>"; };
		27ACF2892025484B00770DAC /* DataCell.swift */ = {isa = PBXFileReference; lastKnownFileType = sourcecode.swift; path = DataCell.swift; sourceTree = "<group>"; };
		27ACF28B20254A1000770DAC /* Data.swift */ = {isa = PBXFileReference; lastKnownFileType = sourcecode.swift; path = Data.swift; sourceTree = "<group>"; };
/* End PBXFileReference section */

/* Begin PBXFrameworksBuildPhase section */
		27ACF26F2025416A00770DAC /* Frameworks */ = {
			isa = PBXFrameworksBuildPhase;
			buildActionMask = 2147483647;
			files = (
			);
			runOnlyForDeploymentPostprocessing = 0;
		};
/* End PBXFrameworksBuildPhase section */

/* Begin PBXGroup section */
		27ACF2692025416A00770DAC = {
			isa = PBXGroup;
			children = (
				27ACF2742025416A00770DAC /* CustomTBV */,
				27ACF2732025416A00770DAC /* Products */,
			);
			sourceTree = "<group>";
		};
		27ACF2732025416A00770DAC /* Products */ = {
			isa = PBXGroup;
			children = (
				27ACF2722025416A00770DAC /* CustomTBV.app */,
			);
			name = Products;
			sourceTree = "<group>";
		};
		27ACF2742025416A00770DAC /* CustomTBV */ = {
			isa = PBXGroup;
			children = (
				27ACF2752025416A00770DAC /* AppDelegate.swift */,
				27ACF2872025425200770DAC /* CustomTableViewViewController.swift */,
				27ACF2892025484B00770DAC /* DataCell.swift */,
				27ACF28B20254A1000770DAC /* Data.swift */,
				27ACF2792025416A00770DAC /* Main.storyboard */,
				27ACF27C2025416A00770DAC /* Assets.xcassets */,
				27ACF27E2025416A00770DAC /* LaunchScreen.storyboard */,
				27ACF2812025416A00770DAC /* Info.plist */,
			);
			path = CustomTBV;
			sourceTree = "<group>";
		};
/* End PBXGroup section */

/* Begin PBXNativeTarget section */
		27ACF2712025416A00770DAC /* CustomTBV */ = {
			isa = PBXNativeTarget;
			buildConfigurationList = 27ACF2842025416A00770DAC /* Build configuration list for PBXNativeTarget "CustomTBV" */;
			buildPhases = (
				27ACF26E2025416A00770DAC /* Sources */,
				27ACF26F2025416A00770DAC /* Frameworks */,
				27ACF2702025416A00770DAC /* Resources */,
			);
			buildRules = (
			);
			dependencies = (
			);
			name = CustomTBV;
			productName = CustomTBV;
			productReference = 27ACF2722025416A00770DAC /* CustomTBV.app */;
			productType = "com.apple.product-type.application";
		};
/* End PBXNativeTarget section */

/* Begin PBXProject section */
		27ACF26A2025416A00770DAC /* Project object */ = {
			isa = PBXProject;
			attributes = {
				LastSwiftUpdateCheck = 0920;
				LastUpgradeCheck = 0920;
				ORGANIZATIONNAME = "Tan Do ";
				TargetAttributes = {
					27ACF2712025416A00770DAC = {
						CreatedOnToolsVersion = 9.2;
						ProvisioningStyle = Automatic;
					};
				};
			};
			buildConfigurationList = 27ACF26D2025416A00770DAC /* Build configuration list for PBXProject "CustomTBV" */;
			compatibilityVersion = "Xcode 8.0";
			developmentRegion = en;
			hasScannedForEncodings = 0;
			knownRegions = (
				en,
				Base,
			);
			mainGroup = 27ACF2692025416A00770DAC;
			productRefGroup = 27ACF2732025416A00770DAC /* Products */;
			projectDirPath = "";
			projectRoot = "";
			targets = (
				27ACF2712025416A00770DAC /* CustomTBV */,
			);
		};
/* End PBXProject section */

/* Begin PBXResourcesBuildPhase section */
		27ACF2702025416A00770DAC /* Resources */ = {
			isa = PBXResourcesBuildPhase;
			buildActionMask = 2147483647;
			files = (
				27ACF2802025416A00770DAC /* LaunchScreen.storyboard in Resources */,
				27ACF27D2025416A00770DAC /* Assets.xcassets in Resources */,
				27ACF27B2025416A00770DAC /* Main.storyboard in Resources */,
			);
			runOnlyForDeploymentPostprocessing = 0;
		};
/* End PBXResourcesBuildPhase section */

/* Begin PBXSourcesBuildPhase section */
		27ACF26E2025416A00770DAC /* Sources */ = {
			isa = PBXSourcesBuildPhase;
			buildActionMask = 2147483647;
			files = (
				27ACF2762025416A00770DAC /* AppDelegate.swift in Sources */,
				27ACF28A2025484B00770DAC /* DataCell.swift in Sources */,
				27ACF2882025425200770DAC /* CustomTableViewViewController.swift in Sources */,
				27ACF28C20254A1100770DAC /* Data.swift in Sources */,
			);
			runOnlyForDeploymentPostprocessing = 0;
		};
/* End PBXSourcesBuildPhase section */

/* Begin PBXVariantGroup section */
		27ACF2792025416A00770DAC /* Main.storyboard */ = {
			isa = PBXVariantGroup;
			children = (
				27ACF27A2025416A00770DAC /* Base */,
			);
			name = Main.storyboard;
			sourceTree = "<group>";
		};
		27ACF27E2025416A00770DAC /* LaunchScreen.storyboard */ = {
			isa = PBXVariantGroup;
			children = (
				27ACF27F2025416A00770DAC /* Base */,
			);
			name = LaunchScreen.storyboard;
			sourceTree = "<group>";
		};
/* End PBXVariantGroup section */

/* Begin XCBuildConfiguration section */
		27ACF2822025416A00770DAC /* Debug */ = {
			isa = XCBuildConfiguration;
			buildSettings = {
				ALWAYS_SEARCH_USER_PATHS = NO;
				CLANG_ANALYZER_NONNULL = YES;
				CLANG_ANALYZER_NUMBER_OBJECT_CONVERSION = YES_AGGRESSIVE;
				CLANG_CXX_LANGUAGE_STANDARD = "gnu++14";
				CLANG_CXX_LIBRARY = "libc++";
				CLANG_ENABLE_MODULES = YES;
				CLANG_ENABLE_OBJC_ARC = YES;
				CLANG_WARN_BLOCK_CAPTURE_AUTORELEASING = YES;
				CLANG_WARN_BOOL_CONVERSION = YES;
				CLANG_WARN_COMMA = YES;
				CLANG_WARN_CONSTANT_CONVERSION = YES;
				CLANG_WARN_DIRECT_OBJC_ISA_USAGE = YES_ERROR;
				CLANG_WARN_DOCUMENTATION_COMMENTS = YES;
				CLANG_WARN_EMPTY_BODY = YES;
				CLANG_WARN_ENUM_CONVERSION = YES;
				CLANG_WARN_INFINITE_RECURSION = YES;
				CLANG_WARN_INT_CONVERSION = YES;
				CLANG_WARN_NON_LITERAL_NULL_CONVERSION = YES;
				CLANG_WARN_OBJC_LITERAL_CONVERSION = YES;
				CLANG_WARN_OBJC_ROOT_CLASS = YES_ERROR;
				CLANG_WARN_RANGE_LOOP_ANALYSIS = YES;
				CLANG_WARN_STRICT_PROTOTYPES = YES;
				CLANG_WARN_SUSPICIOUS_MOVE = YES;
				CLANG_WARN_UNGUARDED_AVAILABILITY = YES_AGGRESSIVE;
				CLANG_WARN_UNREACHABLE_CODE = YES;
				CLANG_WARN__DUPLICATE_METHOD_MATCH = YES;
				CODE_SIGN_IDENTITY = "iPhone Developer";
				COPY_PHASE_STRIP = NO;
				DEBUG_INFORMATION_FORMAT = dwarf;
				ENABLE_STRICT_OBJC_MSGSEND = YES;
				ENABLE_TESTABILITY = YES;
				GCC_C_LANGUAGE_STANDARD = gnu11;
				GCC_DYNAMIC_NO_PIC = NO;
				GCC_NO_COMMON_BLOCKS = YES;
				GCC_OPTIMIZATION_LEVEL = 0;
				GCC_PREPROCESSOR_DEFINITIONS = (
					"DEBUG=1",
					"$(inherited)",
				);
				GCC_WARN_64_TO_32_BIT_CONVERSION = YES;
				GCC_WARN_ABOUT_RETURN_TYPE = YES_ERROR;
				GCC_WARN_UNDECLARED_SELECTOR = YES;
				GCC_WARN_UNINITIALIZED_AUTOS = YES_AGGRESSIVE;
				GCC_WARN_UNUSED_FUNCTION = YES;
				GCC_WARN_UNUSED_VARIABLE = YES;
				IPHONEOS_DEPLOYMENT_TARGET = 11.2;
				MTL_ENABLE_DEBUG_INFO = YES;
				ONLY_ACTIVE_ARCH = YES;
				SDKROOT = iphoneos;
				SWIFT_ACTIVE_COMPILATION_CONDITIONS = DEBUG;
				SWIFT_OPTIMIZATION_LEVEL = "-Onone";
			};
			name = Debug;
		};
		27ACF2832025416A00770DAC /* Release */ = {
			isa = XCBuildConfiguration;
			buildSettings = {
				ALWAYS_SEARCH_USER_PATHS = NO;
				CLANG_ANALYZER_NONNULL = YES;
				CLANG_ANALYZER_NUMBER_OBJECT_CONVERSION = YES_AGGRESSIVE;
				CLANG_CXX_LANGUAGE_STANDARD = "gnu++14";
				CLANG_CXX_LIBRARY = "libc++";
				CLANG_ENABLE_MODULES = YES;
				CLANG_ENABLE_OBJC_ARC = YES;
				CLANG_WARN_BLOCK_CAPTURE_AUTORELEASING = YES;
				CLANG_WARN_BOOL_CONVERSION = YES;
				CLANG_WARN_COMMA = YES;
				CLANG_WARN_CONSTANT_CONVERSION = YES;
				CLANG_WARN_DIRECT_OBJC_ISA_USAGE = YES_ERROR;
				CLANG_WARN_DOCUMENTATION_COMMENTS = YES;
				CLANG_WARN_EMPTY_BODY = YES;
				CLANG_WARN_ENUM_CONVERSION = YES;
				CLANG_WARN_INFINITE_RECURSION = YES;
				CLANG_WARN_INT_CONVERSION = YES;
				CLANG_WARN_NON_LITERAL_NULL_CONVERSION = YES;
				CLANG_WARN_OBJC_LITERAL_CONVERSION = YES;
				CLANG_WARN_OBJC_ROOT_CLASS = YES_ERROR;
				CLANG_WARN_RANGE_LOOP_ANALYSIS = YES;
				CLANG_WARN_STRICT_PROTOTYPES = YES;
				CLANG_WARN_SUSPICIOUS_MOVE = YES;
				CLANG_WARN_UNGUARDED_AVAILABILITY = YES_AGGRESSIVE;
				CLANG_WARN_UNREACHABLE_CODE = YES;
				CLANG_WARN__DUPLICATE_METHOD_MATCH = YES;
				CODE_SIGN_IDENTITY = "iPhone Developer";
				COPY_PHASE_STRIP = NO;
				DEBUG_INFORMATION_FORMAT = "dwarf-with-dsym";
				ENABLE_NS_ASSERTIONS = NO;
				ENABLE_STRICT_OBJC_MSGSEND = YES;
				GCC_C_LANGUAGE_STANDARD = gnu11;
				GCC_NO_COMMON_BLOCKS = YES;
				GCC_WARN_64_TO_32_BIT_CONVERSION = YES;
				GCC_WARN_ABOUT_RETURN_TYPE = YES_ERROR;
				GCC_WARN_UNDECLARED_SELECTOR = YES;
				GCC_WARN_UNINITIALIZED_AUTOS = YES_AGGRESSIVE;
				GCC_WARN_UNUSED_FUNCTION = YES;
				GCC_WARN_UNUSED_VARIABLE = YES;
				IPHONEOS_DEPLOYMENT_TARGET = 11.2;
				MTL_ENABLE_DEBUG_INFO = NO;
				SDKROOT = iphoneos;
				SWIFT_OPTIMIZATION_LEVEL = "-Owholemodule";
				VALIDATE_PRODUCT = YES;
			};
			name = Release;
		};
		27ACF2852025416A00770DAC /* Debug */ = {
			isa = XCBuildConfiguration;
			buildSettings = {
				ASSETCATALOG_COMPILER_APPICON_NAME = AppIcon;
				CODE_SIGN_STYLE = Automatic;
				DEVELOPMENT_TEAM = EPPQ37FGYE;
				INFOPLIST_FILE = CustomTBV/Info.plist;
				LD_RUNPATH_SEARCH_PATHS = "$(inherited) @executable_path/Frameworks";
				PRODUCT_BUNDLE_IDENTIFIER = com.tando.CustomTBV;
				PRODUCT_NAME = "$(TARGET_NAME)";
				SWIFT_VERSION = 4.0;
				TARGETED_DEVICE_FAMILY = "1,2";
			};
			name = Debug;
		};
		27ACF2862025416A00770DAC /* Release */ = {
			isa = XCBuildConfiguration;
			buildSettings = {
				ASSETCATALOG_COMPILER_APPICON_NAME = AppIcon;
				CODE_SIGN_STYLE = Automatic;
				DEVELOPMENT_TEAM = EPPQ37FGYE;
				INFOPLIST_FILE = CustomTBV/Info.plist;
				LD_RUNPATH_SEARCH_PATHS = "$(inherited) @executable_path/Frameworks";
				PRODUCT_BUNDLE_IDENTIFIER = com.tando.CustomTBV;
				PRODUCT_NAME = "$(TARGET_NAME)";
				SWIFT_VERSION = 4.0;
				TARGETED_DEVICE_FAMILY = "1,2";
			};
			name = Release;
		};
/* End XCBuildConfiguration section */

/* Begin XCConfigurationList section */
		27ACF26D2025416A00770DAC /* Build configuration list for PBXProject "CustomTBV" */ = {
			isa = XCConfigurationList;
			buildConfigurations = (
				27ACF2822025416A00770DAC /* Debug */,
				27ACF2832025416A00770DAC /* Release */,
			);
			defaultConfigurationIsVisible = 0;
			defaultConfigurationName = Release;
		};
		27ACF2842025416A00770DAC /* Build configuration list for PBXNativeTarget "CustomTBV" */ = {
			isa = XCConfigurationList;
			buildConfigurations = (
				27ACF2852025416A00770DAC /* Debug */,
				27ACF2862025416A00770DAC /* Release */,
			);
			defaultConfigurationIsVisible = 0;
			defaultConfigurationName = Release;
		};
/* End XCConfigurationList section */
	};
	rootObject = 27ACF26A2025416A00770DAC /* Project object */;
}
